{
  "requires": true,
  "lockfileVersion": 1,
  "dependencies": {
    "cordova-plugin-thermalprint": {
      "version": "1.3.10",
      "resolved": "https://registry.npmjs.org/cordova-plugin-thermalprint/-/cordova-plugin-thermalprint-1.3.10.tgz",
      "integrity": "sha1-PtDZzIVwTzl/KrMiIOhd1xzFwk4="
    }
  }
}
