{
  "requires": true,
  "lockfileVersion": 1,
  "dependencies": {
    "cordova-plugin-thermal-printer": {
      "version": "0.0.5",
      "resolved": "https://registry.npmjs.org/cordova-plugin-thermal-printer/-/cordova-plugin-thermal-printer-0.0.5.tgz",
      "integrity": "sha1-yKLxEnMhYOQA2WMn0eWOB6dvxrE="
    }
  }
}
